
Microsoft Visual Studio Solution File, Format Version 12.00
# Visual Studio Version 17
VisualStudioVersion = 17.12.35707.178
MinimumVisualStudioVersion = 10.0.40219.1
Project("{2150E333-8FDC-42A3-9474-1A3956D46DE8}") = "Common", "Common", "{4216BA07-7C9F-448C-94B6-DDE42C22ABB3}"
EndProject
Project("{2150E333-8FDC-42A3-9474-1A3956D46DE8}") = "DataCollectorMicroService", "DataCollectorMicroService", "{3EFFD41A-F517-4EE8-A1EF-A77FED25686B}"
EndProject
Project("{FAE04EC0-301F-11D3-BF4B-00C04F79EFBC}") = "DataCollector.WebApi", "DataCollector.WebApi\DataCollector.WebApi.csproj", "{6C621DC4-D864-41AC-8DB8-7BBC68308D9D}"
EndProject
Project("{FAE04EC0-301F-11D3-BF4B-00C04F79EFBC}") = "DataCollector.Api", "DataCollector.Api\DataCollector.Api.csproj", "{60B86733-E795-4B55-9323-AC2512F267DA}"
EndProject
Project("{FAE04EC0-301F-11D3-BF4B-00C04F79EFBC}") = "DataCollector.BusinessLogic", "DataCollector.BusinessLogic\DataCollector.BusinessLogic.csproj", "{082B2A7D-273C-45E7-BF50-442E6E7EEDAD}"
EndProject
Project("{FAE04EC0-301F-11D3-BF4B-00C04F79EFBC}") = "Common.Api", "Common\Common.Api\Common.Api.csproj", "{88C9FDBE-45C2-48A2-B9FC-83E380A6301F}"
EndProject
Project("{FAE04EC0-301F-11D3-BF4B-00C04F79EFBC}") = "Common.BusinessLogic", "Common\Common.BusinessLogic\Common.BusinessLogic.csproj", "{40F660F7-E16E-48DB-9549-EA149CB2989E}"
EndProject
Project("{FAE04EC0-301F-11D3-BF4B-00C04F79EFBC}") = "Common.Data", "Common\Common.Data\Common.Data.csproj", "{7CA8583F-BE91-46B8-8C61-11988F7833EB}"
EndProject
Project("{FAE04EC0-301F-11D3-BF4B-00C04F79EFBC}") = "Common.Data.PostgreSql", "Common\Common.Data.PostgreSql\Common.Data.PostgreSql.csproj", "{2E90F859-96D2-4AEB-9E79-67899B61046B}"
EndProject
Project("{FAE04EC0-301F-11D3-BF4B-00C04F79EFBC}") = "Common.Security", "Common\Common.Security\Common.Security.csproj", "{11DBDC8F-A17E-474B-AABC-198073287A04}"
EndProject
Project("{FAE04EC0-301F-11D3-BF4B-00C04F79EFBC}") = "Common.WebApi", "Common\Common.WebApi\Common.WebApi.csproj", "{D0166605-3607-4AB1-8E85-A15738A3505A}"
EndProject
Project("{2150E333-8FDC-42A3-9474-1A3956D46DE8}") = "FuturesProcessingMicroService", "FuturesProcessingMicroService", "{D1DFBADE-52AE-45E5-A656-AD0CDD58C564}"
EndProject
Project("{FAE04EC0-301F-11D3-BF4B-00C04F79EFBC}") = "FuturesProcessing.Api", "FuturesProcessing\FuturesProcessing.Api\FuturesProcessing.Api.csproj", "{011F84E3-BEF6-42B0-8B64-E89F9A7D01F3}"
EndProject
Project("{FAE04EC0-301F-11D3-BF4B-00C04F79EFBC}") = "FuturesProcessing.Data", "FuturesProcessing\FuturesProcessing.Data\FuturesProcessing.Data.csproj", "{E734E852-233C-40A8-96E0-338820186CFF}"
EndProject
Project("{FAE04EC0-301F-11D3-BF4B-00C04F79EFBC}") = "FuturesProcessing.BusinessLogic", "FuturesProcessing\FuturesProcessing.BusinessLogic\FuturesProcessing.BusinessLogic.csproj", "{624EAA78-CCC8-41FB-8550-851387773733}"
EndProject
Project("{FAE04EC0-301F-11D3-BF4B-00C04F79EFBC}") = "FuturesProcessing.WebApi", "FuturesProcessing\FuturesProcessing.WebApi\FuturesProcessing.WebApi.csproj", "{1774F69E-8117-47D8-B988-EEBF9F4FEA1E}"
EndProject
Project("{FAE04EC0-301F-11D3-BF4B-00C04F79EFBC}") = "DataCollector.Data", "DataCollector.Data\DataCollector.Data.csproj", "{DE70A197-B863-403A-BD91-3E783AE1CCD2}"
EndProject
Global
	GlobalSection(SolutionConfigurationPlatforms) = preSolution
		Debug|Any CPU = Debug|Any CPU
		Release|Any CPU = Release|Any CPU
	EndGlobalSection
	GlobalSection(ProjectConfigurationPlatforms) = postSolution
		{6C621DC4-D864-41AC-8DB8-7BBC68308D9D}.Debug|Any CPU.ActiveCfg = Debug|Any CPU
		{6C621DC4-D864-41AC-8DB8-7BBC68308D9D}.Debug|Any CPU.Build.0 = Debug|Any CPU
		{6C621DC4-D864-41AC-8DB8-7BBC68308D9D}.Release|Any CPU.ActiveCfg = Release|Any CPU
		{6C621DC4-D864-41AC-8DB8-7BBC68308D9D}.Release|Any CPU.Build.0 = Release|Any CPU
		{60B86733-E795-4B55-9323-AC2512F267DA}.Debug|Any CPU.ActiveCfg = Debug|Any CPU
		{60B86733-E795-4B55-9323-AC2512F267DA}.Debug|Any CPU.Build.0 = Debug|Any CPU
		{60B86733-E795-4B55-9323-AC2512F267DA}.Release|Any CPU.ActiveCfg = Release|Any CPU
		{60B86733-E795-4B55-9323-AC2512F267DA}.Release|Any CPU.Build.0 = Release|Any CPU
		{082B2A7D-273C-45E7-BF50-442E6E7EEDAD}.Debug|Any CPU.ActiveCfg = Debug|Any CPU
		{082B2A7D-273C-45E7-BF50-442E6E7EEDAD}.Debug|Any CPU.Build.0 = Debug|Any CPU
		{082B2A7D-273C-45E7-BF50-442E6E7EEDAD}.Release|Any CPU.ActiveCfg = Release|Any CPU
		{082B2A7D-273C-45E7-BF50-442E6E7EEDAD}.Release|Any CPU.Build.0 = Release|Any CPU
		{88C9FDBE-45C2-48A2-B9FC-83E380A6301F}.Debug|Any CPU.ActiveCfg = Debug|Any CPU
		{88C9FDBE-45C2-48A2-B9FC-83E380A6301F}.Debug|Any CPU.Build.0 = Debug|Any CPU
		{88C9FDBE-45C2-48A2-B9FC-83E380A6301F}.Release|Any CPU.ActiveCfg = Release|Any CPU
		{88C9FDBE-45C2-48A2-B9FC-83E380A6301F}.Release|Any CPU.Build.0 = Release|Any CPU
		{40F660F7-E16E-48DB-9549-EA149CB2989E}.Debug|Any CPU.ActiveCfg = Debug|Any CPU
		{40F660F7-E16E-48DB-9549-EA149CB2989E}.Debug|Any CPU.Build.0 = Debug|Any CPU
		{40F660F7-E16E-48DB-9549-EA149CB2989E}.Release|Any CPU.ActiveCfg = Release|Any CPU
		{40F660F7-E16E-48DB-9549-EA149CB2989E}.Release|Any CPU.Build.0 = Release|Any CPU
		{7CA8583F-BE91-46B8-8C61-11988F7833EB}.Debug|Any CPU.ActiveCfg = Debug|Any CPU
		{7CA8583F-BE91-46B8-8C61-11988F7833EB}.Debug|Any CPU.Build.0 = Debug|Any CPU
		{7CA8583F-BE91-46B8-8C61-11988F7833EB}.Release|Any CPU.ActiveCfg = Release|Any CPU
		{7CA8583F-BE91-46B8-8C61-11988F7833EB}.Release|Any CPU.Build.0 = Release|Any CPU
		{2E90F859-96D2-4AEB-9E79-67899B61046B}.Debug|Any CPU.ActiveCfg = Debug|Any CPU
		{2E90F859-96D2-4AEB-9E79-67899B61046B}.Debug|Any CPU.Build.0 = Debug|Any CPU
		{2E90F859-96D2-4AEB-9E79-67899B61046B}.Release|Any CPU.ActiveCfg = Release|Any CPU
		{2E90F859-96D2-4AEB-9E79-67899B61046B}.Release|Any CPU.Build.0 = Release|Any CPU
		{11DBDC8F-A17E-474B-AABC-198073287A04}.Debug|Any CPU.ActiveCfg = Debug|Any CPU
		{11DBDC8F-A17E-474B-AABC-198073287A04}.Debug|Any CPU.Build.0 = Debug|Any CPU
		{11DBDC8F-A17E-474B-AABC-198073287A04}.Release|Any CPU.ActiveCfg = Release|Any CPU
		{11DBDC8F-A17E-474B-AABC-198073287A04}.Release|Any CPU.Build.0 = Release|Any CPU
		{D0166605-3607-4AB1-8E85-A15738A3505A}.Debug|Any CPU.ActiveCfg = Debug|Any CPU
		{D0166605-3607-4AB1-8E85-A15738A3505A}.Debug|Any CPU.Build.0 = Debug|Any CPU
		{D0166605-3607-4AB1-8E85-A15738A3505A}.Release|Any CPU.ActiveCfg = Release|Any CPU
		{D0166605-3607-4AB1-8E85-A15738A3505A}.Release|Any CPU.Build.0 = Release|Any CPU
		{011F84E3-BEF6-42B0-8B64-E89F9A7D01F3}.Debug|Any CPU.ActiveCfg = Debug|Any CPU
		{011F84E3-BEF6-42B0-8B64-E89F9A7D01F3}.Debug|Any CPU.Build.0 = Debug|Any CPU
		{011F84E3-BEF6-42B0-8B64-E89F9A7D01F3}.Release|Any CPU.ActiveCfg = Release|Any CPU
		{011F84E3-BEF6-42B0-8B64-E89F9A7D01F3}.Release|Any CPU.Build.0 = Release|Any CPU
		{E734E852-233C-40A8-96E0-338820186CFF}.Debug|Any CPU.ActiveCfg = Debug|Any CPU
		{E734E852-233C-40A8-96E0-338820186CFF}.Debug|Any CPU.Build.0 = Debug|Any CPU
		{E734E852-233C-40A8-96E0-338820186CFF}.Release|Any CPU.ActiveCfg = Release|Any CPU
		{E734E852-233C-40A8-96E0-338820186CFF}.Release|Any CPU.Build.0 = Release|Any CPU
		{624EAA78-CCC8-41FB-8550-851387773733}.Debug|Any CPU.ActiveCfg = Debug|Any CPU
		{624EAA78-CCC8-41FB-8550-851387773733}.Debug|Any CPU.Build.0 = Debug|Any CPU
		{624EAA78-CCC8-41FB-8550-851387773733}.Release|Any CPU.ActiveCfg = Release|Any CPU
		{624EAA78-CCC8-41FB-8550-851387773733}.Release|Any CPU.Build.0 = Release|Any CPU
		{1774F69E-8117-47D8-B988-EEBF9F4FEA1E}.Debug|Any CPU.ActiveCfg = Debug|Any CPU
		{1774F69E-8117-47D8-B988-EEBF9F4FEA1E}.Debug|Any CPU.Build.0 = Debug|Any CPU
		{1774F69E-8117-47D8-B988-EEBF9F4FEA1E}.Release|Any CPU.ActiveCfg = Release|Any CPU
		{1774F69E-8117-47D8-B988-EEBF9F4FEA1E}.Release|Any CPU.Build.0 = Release|Any CPU
		{DE70A197-B863-403A-BD91-3E783AE1CCD2}.Debug|Any CPU.ActiveCfg = Debug|Any CPU
		{DE70A197-B863-403A-BD91-3E783AE1CCD2}.Debug|Any CPU.Build.0 = Debug|Any CPU
		{DE70A197-B863-403A-BD91-3E783AE1CCD2}.Release|Any CPU.ActiveCfg = Release|Any CPU
		{DE70A197-B863-403A-BD91-3E783AE1CCD2}.Release|Any CPU.Build.0 = Release|Any CPU
	EndGlobalSection
	GlobalSection(SolutionProperties) = preSolution
		HideSolutionNode = FALSE
	EndGlobalSection
	GlobalSection(NestedProjects) = preSolution
		{6C621DC4-D864-41AC-8DB8-7BBC68308D9D} = {3EFFD41A-F517-4EE8-A1EF-A77FED25686B}
		{60B86733-E795-4B55-9323-AC2512F267DA} = {3EFFD41A-F517-4EE8-A1EF-A77FED25686B}
		{082B2A7D-273C-45E7-BF50-442E6E7EEDAD} = {3EFFD41A-F517-4EE8-A1EF-A77FED25686B}
		{88C9FDBE-45C2-48A2-B9FC-83E380A6301F} = {4216BA07-7C9F-448C-94B6-DDE42C22ABB3}
		{40F660F7-E16E-48DB-9549-EA149CB2989E} = {4216BA07-7C9F-448C-94B6-DDE42C22ABB3}
		{7CA8583F-BE91-46B8-8C61-11988F7833EB} = {4216BA07-7C9F-448C-94B6-DDE42C22ABB3}
		{2E90F859-96D2-4AEB-9E79-67899B61046B} = {4216BA07-7C9F-448C-94B6-DDE42C22ABB3}
		{11DBDC8F-A17E-474B-AABC-198073287A04} = {4216BA07-7C9F-448C-94B6-DDE42C22ABB3}
		{D0166605-3607-4AB1-8E85-A15738A3505A} = {4216BA07-7C9F-448C-94B6-DDE42C22ABB3}
		{011F84E3-BEF6-42B0-8B64-E89F9A7D01F3} = {D1DFBADE-52AE-45E5-A656-AD0CDD58C564}
		{E734E852-233C-40A8-96E0-338820186CFF} = {D1DFBADE-52AE-45E5-A656-AD0CDD58C564}
		{624EAA78-CCC8-41FB-8550-851387773733} = {D1DFBADE-52AE-45E5-A656-AD0CDD58C564}
		{1774F69E-8117-47D8-B988-EEBF9F4FEA1E} = {D1DFBADE-52AE-45E5-A656-AD0CDD58C564}
		{DE70A197-B863-403A-BD91-3E783AE1CCD2} = {3EFFD41A-F517-4EE8-A1EF-A77FED25686B}
	EndGlobalSection
EndGlobal
